
Microsoft Visual Studio Solution File, Format Version 12.00
# Visual Studio Version 17
VisualStudioVersion = 17.7.34031.279
MinimumVisualStudioVersion = 10.0.40219.1
Project("{FAE04EC0-301F-11D3-BF4B-00C04F79EFBC}") = "CORE-FIRST-PROJ", "CORE-FIRST-PROJ\CORE-FIRST-PROJ.csproj", "{8B298318-76D6-4663-8C5E-A764B23E0557}"
EndProject
Global
	GlobalSection(SolutionConfigurationPlatforms) = preSolution
		Debug|Any CPU = Debug|Any CPU
		Release|Any CPU = Release|Any CPU
	EndGlobalSection
	GlobalSection(ProjectConfigurationPlatforms) = postSolution
		{8B298318-76D6-4663-8C5E-A764B23E0557}.Debug|Any CPU.ActiveCfg = Debug|Any CPU
		{8B298318-76D6-4663-8C5E-A764B23E0557}.Debug|Any CPU.Build.0 = Debug|Any CPU
		{8B298318-76D6-4663-8C5E-A764B23E0557}.Release|Any CPU.ActiveCfg = Release|Any CPU
		{8B298318-76D6-4663-8C5E-A764B23E0557}.Release|Any CPU.Build.0 = Release|Any CPU
	EndGlobalSection
	GlobalSection(SolutionProperties) = preSolution
		HideSolutionNode = FALSE
	EndGlobalSection
	GlobalSection(ExtensibilityGlobals) = postSolution
		SolutionGuid = {A216AB52-E359-41EF-94B4-02FCCB758126}
	EndGlobalSection
EndGlobal
